
Microsoft Visual Studio Solution File, Format Version 12.00
# Visual Studio Version 17
VisualStudioVersion = 17.0.32112.339
MinimumVisualStudioVersion = 10.0.40219.1
Project("{FAE04EC0-301F-11D3-BF4B-00C04F79EFBC}") = "OrleansTestingApp", "OrleansTestingApp\OrleansTestingApp.csproj", "{B4792918-C042-464A-BC36-6FD6EB3C1A43}"
EndProject
Global
	GlobalSection(SolutionConfigurationPlatforms) = preSolution
		Debug|Any CPU = Debug|Any CPU
		Release|Any CPU = Release|Any CPU
	EndGlobalSection
	GlobalSection(ProjectConfigurationPlatforms) = postSolution
		{B4792918-C042-464A-BC36-6FD6EB3C1A43}.Debug|Any CPU.ActiveCfg = Debug|Any CPU
		{B4792918-C042-464A-BC36-6FD6EB3C1A43}.Debug|Any CPU.Build.0 = Debug|Any CPU
		{B4792918-C042-464A-BC36-6FD6EB3C1A43}.Release|Any CPU.ActiveCfg = Release|Any CPU
		{B4792918-C042-464A-BC36-6FD6EB3C1A43}.Release|Any CPU.Build.0 = Release|Any CPU
	EndGlobalSection
	GlobalSection(SolutionProperties) = preSolution
		HideSolutionNode = FALSE
	EndGlobalSection
	GlobalSection(ExtensibilityGlobals) = postSolution
		SolutionGuid = {63FD5A05-0C17-4D02-B416-38D7AF22944E}
	EndGlobalSection
EndGlobal
